
Microsoft Visual Studio Solution File, Format Version 12.00
# Visual Studio 14
VisualStudioVersion = 14.0.23107.0
MinimumVisualStudioVersion = 10.0.40219.1
Project("{FAE04EC0-301F-11D3-BF4B-00C04F79EFBC}") = "Proyecto", "Proyecto\Proyecto.csproj", "{B21F2E8B-ABC9-4994-BBB5-5734466D6D1B}"
EndProject
Project("{FAE04EC0-301F-11D3-BF4B-00C04F79EFBC}") = "Helper", "Helper\Helper.csproj", "{E3093160-0D39-4716-927D-1173E1850E26}"
EndProject
Global
	GlobalSection(SolutionConfigurationPlatforms) = preSolution
		Debug|Any CPU = Debug|Any CPU
		Release|Any CPU = Release|Any CPU
	EndGlobalSection
	GlobalSection(ProjectConfigurationPlatforms) = postSolution
		{B21F2E8B-ABC9-4994-BBB5-5734466D6D1B}.Debug|Any CPU.ActiveCfg = Debug|Any CPU
		{B21F2E8B-ABC9-4994-BBB5-5734466D6D1B}.Debug|Any CPU.Build.0 = Debug|Any CPU
		{B21F2E8B-ABC9-4994-BBB5-5734466D6D1B}.Release|Any CPU.ActiveCfg = Release|Any CPU
		{B21F2E8B-ABC9-4994-BBB5-5734466D6D1B}.Release|Any CPU.Build.0 = Release|Any CPU
		{E3093160-0D39-4716-927D-1173E1850E26}.Debug|Any CPU.ActiveCfg = Debug|Any CPU
		{E3093160-0D39-4716-927D-1173E1850E26}.Debug|Any CPU.Build.0 = Debug|Any CPU
		{E3093160-0D39-4716-927D-1173E1850E26}.Release|Any CPU.ActiveCfg = Release|Any CPU
		{E3093160-0D39-4716-927D-1173E1850E26}.Release|Any CPU.Build.0 = Release|Any CPU
	EndGlobalSection
	GlobalSection(SolutionProperties) = preSolution
		HideSolutionNode = FALSE
	EndGlobalSection
EndGlobal
